
Microsoft Visual Studio Solution File, Format Version 12.00
# Visual Studio Version 16
VisualStudioVersion = 16.0.29806.167
MinimumVisualStudioVersion = 10.0.40219.1
Project("{8BC9CEB8-8B4A-11D0-8D11-00A0C91BC942}") = "Gruvlig", "Gruvlig.vcxproj", "{4BB9CA73-8879-4FD6-B234-B637897B959E}"
EndProject
Global
	GlobalSection(SolutionConfigurationPlatforms) = preSolution
		Debug|x64 = Debug|x64
		Debug|x86 = Debug|x86
		Release|x64 = Release|x64
		Release|x86 = Release|x86
	EndGlobalSection
	GlobalSection(ProjectConfigurationPlatforms) = postSolution
		{4BB9CA73-8879-4FD6-B234-B637897B959E}.Debug|x64.ActiveCfg = Debug|x64
		{4BB9CA73-8879-4FD6-B234-B637897B959E}.Debug|x64.Build.0 = Debug|x64
		{4BB9CA73-8879-4FD6-B234-B637897B959E}.Debug|x86.ActiveCfg = Debug|Win32
		{4BB9CA73-8879-4FD6-B234-B637897B959E}.Debug|x86.Build.0 = Debug|Win32
		{4BB9CA73-8879-4FD6-B234-B637897B959E}.Release|x64.ActiveCfg = Release|x64
		{4BB9CA73-8879-4FD6-B234-B637897B959E}.Release|x64.Build.0 = Release|x64
		{4BB9CA73-8879-4FD6-B234-B637897B959E}.Release|x86.ActiveCfg = Release|Win32
		{4BB9CA73-8879-4FD6-B234-B637897B959E}.Release|x86.Build.0 = Release|Win32
	EndGlobalSection
	GlobalSection(SolutionProperties) = preSolution
		HideSolutionNode = FALSE
	EndGlobalSection
	GlobalSection(ExtensibilityGlobals) = postSolution
		SolutionGuid = {5C4130D2-21DE-4E39-8369-88692F6456C3}
	EndGlobalSection
EndGlobal
